
Microsoft Visual Studio Solution File, Format Version 12.00
# Visual Studio 15
VisualStudioVersion = 15.0.27703.2047
MinimumVisualStudioVersion = 10.0.40219.1
Project("{FAE04EC0-301F-11D3-BF4B-00C04F79EFBC}") = "nsis", "nsis.csproj", "{58367DEB-1904-4E6F-8552-023DC2EA52CC}"
EndProject
Global
	GlobalSection(SolutionConfigurationPlatforms) = preSolution
		Debug|Any CPU = Debug|Any CPU
		Release|Any CPU = Release|Any CPU
	EndGlobalSection
	GlobalSection(ProjectConfigurationPlatforms) = postSolution
		{58367DEB-1904-4E6F-8552-023DC2EA52CC}.Debug|Any CPU.ActiveCfg = Debug|Any CPU
		{58367DEB-1904-4E6F-8552-023DC2EA52CC}.Debug|Any CPU.Build.0 = Debug|Any CPU
		{58367DEB-1904-4E6F-8552-023DC2EA52CC}.Release|Any CPU.ActiveCfg = Release|Any CPU
		{58367DEB-1904-4E6F-8552-023DC2EA52CC}.Release|Any CPU.Build.0 = Release|Any CPU
	EndGlobalSection
	GlobalSection(SolutionProperties) = preSolution
		HideSolutionNode = FALSE
	EndGlobalSection
	GlobalSection(ExtensibilityGlobals) = postSolution
		SolutionGuid = {49280FC8-1782-461D-BEA1-A7F21179DC73}
	EndGlobalSection
EndGlobal
