
Microsoft Visual Studio Solution File, Format Version 12.00
# Visual Studio Version 16
VisualStudioVersion = 16.0.31205.134
MinimumVisualStudioVersion = 10.0.40219.1
Project("{2150E333-8FDC-42A3-9474-1A3956D46DE8}") = "Solution Items", "Solution Items", "{76FDBBC8-AD4E-4B0C-8AE6-C9E7B52CA2A9}"
EndProject
Project("{9A19103F-16F7-4668-BE54-9A1E7A4F7556}") = "App.CLI.Linux.net6", "App.CLI.Linux\App.CLI.Linux.net6.csproj", "{8AF05932-F144-4543-95CF-EB32736F20E6}"
EndProject
Project("{9A19103F-16F7-4668-BE54-9A1E7A4F7556}") = "Lib.Core.net6", "Lib.Core\Lib.Core.net6.csproj", "{FE566A5F-E014-4894-9447-E972FC7B2530}"
EndProject
Project("{9A19103F-16F7-4668-BE54-9A1E7A4F7556}") = "Lib.Platform.Linux.net6", "Lib.Platform.Linux\Lib.Platform.Linux.net6.csproj", "{38BB6175-5ED1-44C4-89D3-5CC8AF8BEBC9}"
EndProject
Global
	GlobalSection(SolutionConfigurationPlatforms) = preSolution
		Debug|Any CPU = Debug|Any CPU
		Debug|x64 = Debug|x64
		Debug|x86 = Debug|x86
		Release|Any CPU = Release|Any CPU
		Release|x64 = Release|x64
		Release|x86 = Release|x86
	EndGlobalSection
	GlobalSection(ProjectConfigurationPlatforms) = postSolution
		{8AF05932-F144-4543-95CF-EB32736F20E6}.Debug|Any CPU.ActiveCfg = Debug|Any CPU
		{8AF05932-F144-4543-95CF-EB32736F20E6}.Debug|Any CPU.Build.0 = Debug|Any CPU
		{8AF05932-F144-4543-95CF-EB32736F20E6}.Debug|x64.ActiveCfg = Debug|Any CPU
		{8AF05932-F144-4543-95CF-EB32736F20E6}.Debug|x64.Build.0 = Debug|Any CPU
		{8AF05932-F144-4543-95CF-EB32736F20E6}.Debug|x86.ActiveCfg = Debug|Any CPU
		{8AF05932-F144-4543-95CF-EB32736F20E6}.Debug|x86.Build.0 = Debug|Any CPU
		{8AF05932-F144-4543-95CF-EB32736F20E6}.Release|Any CPU.ActiveCfg = Release|Any CPU
		{8AF05932-F144-4543-95CF-EB32736F20E6}.Release|Any CPU.Build.0 = Release|Any CPU
		{8AF05932-F144-4543-95CF-EB32736F20E6}.Release|x64.ActiveCfg = Release|Any CPU
		{8AF05932-F144-4543-95CF-EB32736F20E6}.Release|x64.Build.0 = Release|Any CPU
		{8AF05932-F144-4543-95CF-EB32736F20E6}.Release|x86.ActiveCfg = Release|Any CPU
		{8AF05932-F144-4543-95CF-EB32736F20E6}.Release|x86.Build.0 = Release|Any CPU
		{FE566A5F-E014-4894-9447-E972FC7B2530}.Debug|Any CPU.ActiveCfg = Debug|Any CPU
		{FE566A5F-E014-4894-9447-E972FC7B2530}.Debug|Any CPU.Build.0 = Debug|Any CPU
		{FE566A5F-E014-4894-9447-E972FC7B2530}.Debug|x64.ActiveCfg = Debug|x64
		{FE566A5F-E014-4894-9447-E972FC7B2530}.Debug|x64.Build.0 = Debug|x64
		{FE566A5F-E014-4894-9447-E972FC7B2530}.Debug|x86.ActiveCfg = Debug|x86
		{FE566A5F-E014-4894-9447-E972FC7B2530}.Debug|x86.Build.0 = Debug|x86
		{FE566A5F-E014-4894-9447-E972FC7B2530}.Release|Any CPU.ActiveCfg = Release|x86
		{FE566A5F-E014-4894-9447-E972FC7B2530}.Release|x64.ActiveCfg = Release|x64
		{FE566A5F-E014-4894-9447-E972FC7B2530}.Release|x64.Build.0 = Release|x64
		{FE566A5F-E014-4894-9447-E972FC7B2530}.Release|x86.ActiveCfg = Release|x86
		{FE566A5F-E014-4894-9447-E972FC7B2530}.Release|x86.Build.0 = Release|x86
		{38BB6175-5ED1-44C4-89D3-5CC8AF8BEBC9}.Debug|Any CPU.ActiveCfg = Debug|Any CPU
		{38BB6175-5ED1-44C4-89D3-5CC8AF8BEBC9}.Debug|Any CPU.Build.0 = Debug|Any CPU
		{38BB6175-5ED1-44C4-89D3-5CC8AF8BEBC9}.Debug|x64.ActiveCfg = Debug|Any CPU
		{38BB6175-5ED1-44C4-89D3-5CC8AF8BEBC9}.Debug|x64.Build.0 = Debug|Any CPU
		{38BB6175-5ED1-44C4-89D3-5CC8AF8BEBC9}.Debug|x86.ActiveCfg = Debug|Any CPU
		{38BB6175-5ED1-44C4-89D3-5CC8AF8BEBC9}.Debug|x86.Build.0 = Debug|Any CPU
		{38BB6175-5ED1-44C4-89D3-5CC8AF8BEBC9}.Release|Any CPU.ActiveCfg = Release|Any CPU
		{38BB6175-5ED1-44C4-89D3-5CC8AF8BEBC9}.Release|Any CPU.Build.0 = Release|Any CPU
		{38BB6175-5ED1-44C4-89D3-5CC8AF8BEBC9}.Release|x64.ActiveCfg = Release|Any CPU
		{38BB6175-5ED1-44C4-89D3-5CC8AF8BEBC9}.Release|x64.Build.0 = Release|Any CPU
		{38BB6175-5ED1-44C4-89D3-5CC8AF8BEBC9}.Release|x86.ActiveCfg = Release|Any CPU
		{38BB6175-5ED1-44C4-89D3-5CC8AF8BEBC9}.Release|x86.Build.0 = Release|Any CPU
	EndGlobalSection
	GlobalSection(SolutionProperties) = preSolution
		HideSolutionNode = FALSE
	EndGlobalSection
	GlobalSection(ExtensibilityGlobals) = postSolution
		SolutionGuid = {666194AF-51AA-4AF1-BDA5-01BB3E550A98}
	EndGlobalSection
	GlobalSection(MonoDevelopProperties) = preSolution
		version = 2.19
	EndGlobalSection
EndGlobal
