
Microsoft Visual Studio Solution File, Format Version 12.00
# Visual Studio Version 16
VisualStudioVersion = 16.0.31205.134
MinimumVisualStudioVersion = 10.0.40219.1
Project("{9A19103F-16F7-4668-BE54-9A1E7A4F7556}") = "Lib.Core.net6", "Lib.Core\Lib.Core.net6.csproj", "{369F0008-DCD1-4A89-809C-F23D35D4FC06}"
EndProject
Project("{9A19103F-16F7-4668-BE54-9A1E7A4F7556}") = "Lib.Platform.MacOS.net6", "Lib.Platform.MacOS\Lib.Platform.MacOS.net6.csproj", "{E6AAEA13-46B6-45C3-99F2-0485556052D1}"
EndProject
Project("{FAE04EC0-301F-11D3-BF4B-00C04F79EFBC}") = "App.CLI.MacOS.net6", "App.CLI.MacOS\App.CLI.MacOS.net6.csproj", "{0952DFF2-5464-4BD5-98D5-D111CC2016D0}"
EndProject
Global
	GlobalSection(SolutionConfigurationPlatforms) = preSolution
		Debug|Any CPU = Debug|Any CPU
		Debug|x64 = Debug|x64
		Debug|x86 = Debug|x86
		Release|Any CPU = Release|Any CPU
		Release|x64 = Release|x64
		Release|x86 = Release|x86
	EndGlobalSection
	GlobalSection(ProjectConfigurationPlatforms) = postSolution
		{369F0008-DCD1-4A89-809C-F23D35D4FC06}.Debug|Any CPU.ActiveCfg = Debug|Any CPU
		{369F0008-DCD1-4A89-809C-F23D35D4FC06}.Debug|Any CPU.Build.0 = Debug|Any CPU
		{369F0008-DCD1-4A89-809C-F23D35D4FC06}.Debug|x64.ActiveCfg = Debug|x64
		{369F0008-DCD1-4A89-809C-F23D35D4FC06}.Debug|x64.Build.0 = Debug|x64
		{369F0008-DCD1-4A89-809C-F23D35D4FC06}.Debug|x86.ActiveCfg = Debug|x86
		{369F0008-DCD1-4A89-809C-F23D35D4FC06}.Debug|x86.Build.0 = Debug|x86
		{369F0008-DCD1-4A89-809C-F23D35D4FC06}.Release|Any CPU.ActiveCfg = Release|Any CPU
		{369F0008-DCD1-4A89-809C-F23D35D4FC06}.Release|Any CPU.Build.0 = Release|Any CPU
		{369F0008-DCD1-4A89-809C-F23D35D4FC06}.Release|x64.ActiveCfg = Release|x64
		{369F0008-DCD1-4A89-809C-F23D35D4FC06}.Release|x64.Build.0 = Release|x64
		{369F0008-DCD1-4A89-809C-F23D35D4FC06}.Release|x86.ActiveCfg = Release|x86
		{369F0008-DCD1-4A89-809C-F23D35D4FC06}.Release|x86.Build.0 = Release|x86
		{E6AAEA13-46B6-45C3-99F2-0485556052D1}.Debug|Any CPU.ActiveCfg = Debug|Any CPU
		{E6AAEA13-46B6-45C3-99F2-0485556052D1}.Debug|Any CPU.Build.0 = Debug|Any CPU
		{E6AAEA13-46B6-45C3-99F2-0485556052D1}.Debug|x64.ActiveCfg = Debug|Any CPU
		{E6AAEA13-46B6-45C3-99F2-0485556052D1}.Debug|x64.Build.0 = Debug|Any CPU
		{E6AAEA13-46B6-45C3-99F2-0485556052D1}.Debug|x86.ActiveCfg = Debug|Any CPU
		{E6AAEA13-46B6-45C3-99F2-0485556052D1}.Debug|x86.Build.0 = Debug|Any CPU
		{E6AAEA13-46B6-45C3-99F2-0485556052D1}.Release|Any CPU.ActiveCfg = Release|Any CPU
		{E6AAEA13-46B6-45C3-99F2-0485556052D1}.Release|Any CPU.Build.0 = Release|Any CPU
		{E6AAEA13-46B6-45C3-99F2-0485556052D1}.Release|x64.ActiveCfg = Release|Any CPU
		{E6AAEA13-46B6-45C3-99F2-0485556052D1}.Release|x64.Build.0 = Release|Any CPU
		{E6AAEA13-46B6-45C3-99F2-0485556052D1}.Release|x86.ActiveCfg = Release|Any CPU
		{E6AAEA13-46B6-45C3-99F2-0485556052D1}.Release|x86.Build.0 = Release|Any CPU
		{0952DFF2-5464-4BD5-98D5-D111CC2016D0}.Debug|Any CPU.ActiveCfg = Debug|Any CPU
		{0952DFF2-5464-4BD5-98D5-D111CC2016D0}.Debug|Any CPU.Build.0 = Debug|Any CPU
		{0952DFF2-5464-4BD5-98D5-D111CC2016D0}.Debug|x64.ActiveCfg = Debug|Any CPU
		{0952DFF2-5464-4BD5-98D5-D111CC2016D0}.Debug|x64.Build.0 = Debug|Any CPU
		{0952DFF2-5464-4BD5-98D5-D111CC2016D0}.Debug|x86.ActiveCfg = Debug|Any CPU
		{0952DFF2-5464-4BD5-98D5-D111CC2016D0}.Debug|x86.Build.0 = Debug|Any CPU
		{0952DFF2-5464-4BD5-98D5-D111CC2016D0}.Release|Any CPU.ActiveCfg = Release|Any CPU
		{0952DFF2-5464-4BD5-98D5-D111CC2016D0}.Release|Any CPU.Build.0 = Release|Any CPU
		{0952DFF2-5464-4BD5-98D5-D111CC2016D0}.Release|x64.ActiveCfg = Release|Any CPU
		{0952DFF2-5464-4BD5-98D5-D111CC2016D0}.Release|x64.Build.0 = Release|Any CPU
		{0952DFF2-5464-4BD5-98D5-D111CC2016D0}.Release|x86.ActiveCfg = Release|Any CPU
		{0952DFF2-5464-4BD5-98D5-D111CC2016D0}.Release|x86.Build.0 = Release|Any CPU
	EndGlobalSection
	GlobalSection(SolutionProperties) = preSolution
		HideSolutionNode = FALSE
	EndGlobalSection
	GlobalSection(ExtensibilityGlobals) = postSolution
		SolutionGuid = {9A5D7744-8798-4E6C-907E-F04F34130F1C}
	EndGlobalSection
	GlobalSection(MonoDevelopProperties) = preSolution
		StartupItem = UI.Cocoa.Osx\UI.Cocoa.Osx.csproj
		version = 2.19
	EndGlobalSection
EndGlobal
