Microsoft Visual Studio Solution File, Format Version 12.00
# Visual Studio Version 16
VisualStudioVersion = 16.0.31205.134
MinimumVisualStudioVersion = 10.0.40219.1
Project("{FAE04EC0-301F-11D3-BF4B-00C04F79EFBC}") = "Lib.Core", "Lib.Core\Lib.Core.csproj", "{1E979B7C-E6AD-4C6F-8BA6-3E33A99FAD76}"
EndProject
Project("{2150E333-8FDC-42A3-9474-1A3956D46DE8}") = "Solution Items", "Solution Items", "{76FDBBC8-AD4E-4B0C-8AE6-C9E7B52CA2A9}"
EndProject
Project("{FAE04EC0-301F-11D3-BF4B-00C04F79EFBC}") = "Lib.Forms", "Lib.Forms\Lib.Forms.csproj", "{C0357E13-B013-40C5-B511-865A27BC2A47}"
EndProject
Project("{FAE04EC0-301F-11D3-BF4B-00C04F79EFBC}") = "Lib.Platform.Windows", "Lib.Platform.Windows\Lib.Platform.Windows.csproj", "{9A04CC37-5629-4914-B49F-7AA435464843}"
EndProject
Project("{FAE04EC0-301F-11D3-BF4B-00C04F79EFBC}") = "App.Forms.Windows", "App.Forms.Windows\App.Forms.Windows.csproj", "{13F0D841-B93D-4AFA-AB06-FA2FEE6A9DE7}"
EndProject
Global
	GlobalSection(SolutionConfigurationPlatforms) = preSolution
		Debug|Any CPU = Debug|Any CPU
		Debug|x64 = Debug|x64
		Debug|x86 = Debug|x86
		Release|Any CPU = Release|Any CPU
		Release|x64 = Release|x64
		Release|x86 = Release|x86
	EndGlobalSection
	GlobalSection(ProjectConfigurationPlatforms) = postSolution
		{1E979B7C-E6AD-4C6F-8BA6-3E33A99FAD76}.Debug|Any CPU.ActiveCfg = Debug|x86
		{1E979B7C-E6AD-4C6F-8BA6-3E33A99FAD76}.Debug|x64.ActiveCfg = Debug|x64
		{1E979B7C-E6AD-4C6F-8BA6-3E33A99FAD76}.Debug|x64.Build.0 = Debug|x64
		{1E979B7C-E6AD-4C6F-8BA6-3E33A99FAD76}.Debug|x86.ActiveCfg = Debug|x86
		{1E979B7C-E6AD-4C6F-8BA6-3E33A99FAD76}.Debug|x86.Build.0 = Debug|x86
		{1E979B7C-E6AD-4C6F-8BA6-3E33A99FAD76}.Release|Any CPU.ActiveCfg = Release|x86
		{1E979B7C-E6AD-4C6F-8BA6-3E33A99FAD76}.Release|x64.ActiveCfg = Release|x64
		{1E979B7C-E6AD-4C6F-8BA6-3E33A99FAD76}.Release|x64.Build.0 = Release|x64
		{1E979B7C-E6AD-4C6F-8BA6-3E33A99FAD76}.Release|x86.ActiveCfg = Release|x86
		{1E979B7C-E6AD-4C6F-8BA6-3E33A99FAD76}.Release|x86.Build.0 = Release|x86
		{C0357E13-B013-40C5-B511-865A27BC2A47}.Debug|Any CPU.ActiveCfg = Debug|x86
		{C0357E13-B013-40C5-B511-865A27BC2A47}.Debug|x64.ActiveCfg = Debug|x64
		{C0357E13-B013-40C5-B511-865A27BC2A47}.Debug|x64.Build.0 = Debug|x64
		{C0357E13-B013-40C5-B511-865A27BC2A47}.Debug|x86.ActiveCfg = Debug|x86
		{C0357E13-B013-40C5-B511-865A27BC2A47}.Debug|x86.Build.0 = Debug|x86
		{C0357E13-B013-40C5-B511-865A27BC2A47}.Release|Any CPU.ActiveCfg = Release|x86
		{C0357E13-B013-40C5-B511-865A27BC2A47}.Release|x64.ActiveCfg = Release|x64
		{C0357E13-B013-40C5-B511-865A27BC2A47}.Release|x64.Build.0 = Release|x64
		{C0357E13-B013-40C5-B511-865A27BC2A47}.Release|x86.ActiveCfg = Release|x86
		{C0357E13-B013-40C5-B511-865A27BC2A47}.Release|x86.Build.0 = Release|x86
		{9A04CC37-5629-4914-B49F-7AA435464843}.Debug|Any CPU.ActiveCfg = Debug|x86
		{9A04CC37-5629-4914-B49F-7AA435464843}.Debug|x64.ActiveCfg = Debug|x64
		{9A04CC37-5629-4914-B49F-7AA435464843}.Debug|x64.Build.0 = Debug|x64
		{9A04CC37-5629-4914-B49F-7AA435464843}.Debug|x86.ActiveCfg = Debug|x86
		{9A04CC37-5629-4914-B49F-7AA435464843}.Debug|x86.Build.0 = Debug|x86
		{9A04CC37-5629-4914-B49F-7AA435464843}.Release|Any CPU.ActiveCfg = Release|x86
		{9A04CC37-5629-4914-B49F-7AA435464843}.Release|x64.ActiveCfg = Release|x64
		{9A04CC37-5629-4914-B49F-7AA435464843}.Release|x64.Build.0 = Release|x64
		{9A04CC37-5629-4914-B49F-7AA435464843}.Release|x86.ActiveCfg = Release|x86
		{9A04CC37-5629-4914-B49F-7AA435464843}.Release|x86.Build.0 = Release|x86
		{13F0D841-B93D-4AFA-AB06-FA2FEE6A9DE7}.Debug|Any CPU.ActiveCfg = Debug|x86
		{13F0D841-B93D-4AFA-AB06-FA2FEE6A9DE7}.Debug|x64.ActiveCfg = Debug|x64
		{13F0D841-B93D-4AFA-AB06-FA2FEE6A9DE7}.Debug|x64.Build.0 = Debug|x64
		{13F0D841-B93D-4AFA-AB06-FA2FEE6A9DE7}.Debug|x86.ActiveCfg = Debug|x86
		{13F0D841-B93D-4AFA-AB06-FA2FEE6A9DE7}.Debug|x86.Build.0 = Debug|x86
		{13F0D841-B93D-4AFA-AB06-FA2FEE6A9DE7}.Release|Any CPU.ActiveCfg = Release|x86
		{13F0D841-B93D-4AFA-AB06-FA2FEE6A9DE7}.Release|x64.ActiveCfg = Release|x64
		{13F0D841-B93D-4AFA-AB06-FA2FEE6A9DE7}.Release|x64.Build.0 = Release|x64
		{13F0D841-B93D-4AFA-AB06-FA2FEE6A9DE7}.Release|x86.ActiveCfg = Release|x86
		{13F0D841-B93D-4AFA-AB06-FA2FEE6A9DE7}.Release|x86.Build.0 = Release|x86
	EndGlobalSection
	GlobalSection(SolutionProperties) = preSolution
		HideSolutionNode = FALSE
	EndGlobalSection
	GlobalSection(ExtensibilityGlobals) = postSolution
		SolutionGuid = {7E5FF7B7-B9CE-4104-9D97-D92A9BD46830}
	EndGlobalSection
EndGlobal
