
Microsoft Visual Studio Solution File, Format Version 11.00
# Visual Studio 2010
Project("{FAE04EC0-301F-11D3-BF4B-00C04F79EFBC}") = "UI.Cocoa.Osx", "UI.Cocoa.Osx\UI.Cocoa.Osx.csproj", "{8A54C394-4DE9-4512-9A04-701049176953}"
EndProject
Project("{FAE04EC0-301F-11D3-BF4B-00C04F79EFBC}") = "Lib.Core", "Core\Lib.Core.csproj", "{1E979B7C-E6AD-4C6F-8BA6-3E33A99FAD76}"
EndProject
Project("{FAE04EC0-301F-11D3-BF4B-00C04F79EFBC}") = "CLI.Osx", "CLI.Osx\CLI.Osx.csproj", "{F7A8C0E6-F913-43EB-8F8E-F2F86FA962A2}"
EndProject
Project("{FAE04EC0-301F-11D3-BF4B-00C04F79EFBC}") = "Platforms.Osx", "Platforms.Osx\Platforms.Osx.csproj", "{CE0A865E-9650-4283-8EBB-2603C6C52F47}"
EndProject
Project("{FAE04EC0-301F-11D3-BF4B-00C04F79EFBC}") = "TestOsx", "TestOsx\TestOsx.csproj", "{7B54F325-289B-4B0D-B5DF-594E12D87105}"
EndProject
Project("{FAE04EC0-301F-11D3-BF4B-00C04F79EFBC}") = "Deploy", "Deploy\Deploy.csproj", "{B0C52400-DD89-474B-ACA1-673DA6D97AFF}"
EndProject
Global
	GlobalSection(SolutionConfigurationPlatforms) = preSolution
		Debug|x86 = Debug|x86
		Release|x86 = Release|x86
		AppStore|x86 = AppStore|x86
		Debug|x64 = Debug|x64
		Release|x64 = Release|x64
	EndGlobalSection
	GlobalSection(ProjectConfigurationPlatforms) = postSolution
		{1E979B7C-E6AD-4C6F-8BA6-3E33A99FAD76}.AppStore|x86.ActiveCfg = Release|Any CPU
		{1E979B7C-E6AD-4C6F-8BA6-3E33A99FAD76}.AppStore|x86.Build.0 = Release|Any CPU
		{1E979B7C-E6AD-4C6F-8BA6-3E33A99FAD76}.Debug|x64.ActiveCfg = Debug|Any CPU
		{1E979B7C-E6AD-4C6F-8BA6-3E33A99FAD76}.Debug|x64.Build.0 = Debug|Any CPU
		{1E979B7C-E6AD-4C6F-8BA6-3E33A99FAD76}.Debug|x86.ActiveCfg = Debug|Any CPU
		{1E979B7C-E6AD-4C6F-8BA6-3E33A99FAD76}.Debug|x86.Build.0 = Debug|Any CPU
		{1E979B7C-E6AD-4C6F-8BA6-3E33A99FAD76}.Release|x64.ActiveCfg = Release|Any CPU
		{1E979B7C-E6AD-4C6F-8BA6-3E33A99FAD76}.Release|x64.Build.0 = Release|Any CPU
		{1E979B7C-E6AD-4C6F-8BA6-3E33A99FAD76}.Release|x86.ActiveCfg = Release|Any CPU
		{1E979B7C-E6AD-4C6F-8BA6-3E33A99FAD76}.Release|x86.Build.0 = Release|Any CPU
		{7B54F325-289B-4B0D-B5DF-594E12D87105}.AppStore|x86.ActiveCfg = Release|x86
		{7B54F325-289B-4B0D-B5DF-594E12D87105}.AppStore|x86.Build.0 = Release|x86
		{7B54F325-289B-4B0D-B5DF-594E12D87105}.Debug|x64.ActiveCfg = Debug|x86
		{7B54F325-289B-4B0D-B5DF-594E12D87105}.Debug|x64.Build.0 = Debug|x86
		{7B54F325-289B-4B0D-B5DF-594E12D87105}.Debug|x86.ActiveCfg = Debug|x86
		{7B54F325-289B-4B0D-B5DF-594E12D87105}.Debug|x86.Build.0 = Debug|x86
		{7B54F325-289B-4B0D-B5DF-594E12D87105}.Release|x64.ActiveCfg = Release|x86
		{7B54F325-289B-4B0D-B5DF-594E12D87105}.Release|x64.Build.0 = Release|x86
		{7B54F325-289B-4B0D-B5DF-594E12D87105}.Release|x86.ActiveCfg = Release|x86
		{7B54F325-289B-4B0D-B5DF-594E12D87105}.Release|x86.Build.0 = Release|x86
		{8A54C394-4DE9-4512-9A04-701049176953}.AppStore|x86.ActiveCfg = AppStore|x86
		{8A54C394-4DE9-4512-9A04-701049176953}.AppStore|x86.Build.0 = AppStore|x86
		{8A54C394-4DE9-4512-9A04-701049176953}.Debug|x64.ActiveCfg = Debug|x86
		{8A54C394-4DE9-4512-9A04-701049176953}.Debug|x64.Build.0 = Debug|x86
		{8A54C394-4DE9-4512-9A04-701049176953}.Debug|x86.ActiveCfg = Debug|x86
		{8A54C394-4DE9-4512-9A04-701049176953}.Debug|x86.Build.0 = Debug|x86
		{8A54C394-4DE9-4512-9A04-701049176953}.Release|x64.ActiveCfg = Release|x86
		{8A54C394-4DE9-4512-9A04-701049176953}.Release|x64.Build.0 = Release|x86
		{8A54C394-4DE9-4512-9A04-701049176953}.Release|x86.ActiveCfg = Release|x86
		{8A54C394-4DE9-4512-9A04-701049176953}.Release|x86.Build.0 = Release|x86
		{B0C52400-DD89-474B-ACA1-673DA6D97AFF}.AppStore|x86.ActiveCfg = Release|x86
		{B0C52400-DD89-474B-ACA1-673DA6D97AFF}.AppStore|x86.Build.0 = Release|x86
		{B0C52400-DD89-474B-ACA1-673DA6D97AFF}.Debug|x64.ActiveCfg = Debug|x64
		{B0C52400-DD89-474B-ACA1-673DA6D97AFF}.Debug|x64.Build.0 = Debug|x64
		{B0C52400-DD89-474B-ACA1-673DA6D97AFF}.Debug|x86.ActiveCfg = Debug|x86
		{B0C52400-DD89-474B-ACA1-673DA6D97AFF}.Debug|x86.Build.0 = Debug|x86
		{B0C52400-DD89-474B-ACA1-673DA6D97AFF}.Release|x64.ActiveCfg = Release|x64
		{B0C52400-DD89-474B-ACA1-673DA6D97AFF}.Release|x64.Build.0 = Release|x64
		{B0C52400-DD89-474B-ACA1-673DA6D97AFF}.Release|x86.ActiveCfg = Release|x86
		{B0C52400-DD89-474B-ACA1-673DA6D97AFF}.Release|x86.Build.0 = Release|x86
		{CE0A865E-9650-4283-8EBB-2603C6C52F47}.AppStore|x86.ActiveCfg = Release|Any CPU
		{CE0A865E-9650-4283-8EBB-2603C6C52F47}.AppStore|x86.Build.0 = Release|Any CPU
		{CE0A865E-9650-4283-8EBB-2603C6C52F47}.Debug|x64.ActiveCfg = Debug|Any CPU
		{CE0A865E-9650-4283-8EBB-2603C6C52F47}.Debug|x64.Build.0 = Debug|Any CPU
		{CE0A865E-9650-4283-8EBB-2603C6C52F47}.Debug|x86.ActiveCfg = Debug|Any CPU
		{CE0A865E-9650-4283-8EBB-2603C6C52F47}.Debug|x86.Build.0 = Debug|Any CPU
		{CE0A865E-9650-4283-8EBB-2603C6C52F47}.Release|x64.ActiveCfg = Release|Any CPU
		{CE0A865E-9650-4283-8EBB-2603C6C52F47}.Release|x64.Build.0 = Release|Any CPU
		{CE0A865E-9650-4283-8EBB-2603C6C52F47}.Release|x86.ActiveCfg = Release|Any CPU
		{CE0A865E-9650-4283-8EBB-2603C6C52F47}.Release|x86.Build.0 = Release|Any CPU
		{F7A8C0E6-F913-43EB-8F8E-F2F86FA962A2}.AppStore|x86.ActiveCfg = Release|x86
		{F7A8C0E6-F913-43EB-8F8E-F2F86FA962A2}.AppStore|x86.Build.0 = Release|x86
		{F7A8C0E6-F913-43EB-8F8E-F2F86FA962A2}.Debug|x64.ActiveCfg = Debug|x86
		{F7A8C0E6-F913-43EB-8F8E-F2F86FA962A2}.Debug|x64.Build.0 = Debug|x86
		{F7A8C0E6-F913-43EB-8F8E-F2F86FA962A2}.Debug|x86.ActiveCfg = Debug|x86
		{F7A8C0E6-F913-43EB-8F8E-F2F86FA962A2}.Debug|x86.Build.0 = Debug|x86
		{F7A8C0E6-F913-43EB-8F8E-F2F86FA962A2}.Release|x64.ActiveCfg = Release|x86
		{F7A8C0E6-F913-43EB-8F8E-F2F86FA962A2}.Release|x64.Build.0 = Release|x86
		{F7A8C0E6-F913-43EB-8F8E-F2F86FA962A2}.Release|x86.ActiveCfg = Release|x86
		{F7A8C0E6-F913-43EB-8F8E-F2F86FA962A2}.Release|x86.Build.0 = Release|x86
	EndGlobalSection
	GlobalSection(MonoDevelopProperties) = preSolution
		StartupItem = Deploy\Deploy.csproj
		version = 2.11
	EndGlobalSection
EndGlobal
