
Microsoft Visual Studio Solution File, Format Version 11.00
# Visual Studio 2010
Project("{FAE04EC0-301F-11D3-BF4B-00C04F79EFBC}") = "App.Cocoa.MacOS", "App.Cocoa.MacOS\App.Cocoa.MacOS.csproj", "{8A54C394-4DE9-4512-9A04-701049176953}"
EndProject
Project("{FAE04EC0-301F-11D3-BF4B-00C04F79EFBC}") = "Lib.Core", "Lib.Core\Lib.Core.csproj", "{1E979B7C-E6AD-4C6F-8BA6-3E33A99FAD76}"
EndProject
Project("{9344BDBB-3E7F-41FC-A0DD-8665D75EE146}") = "Lib.Platform.MacOS", "Lib.Platform.MacOS\Lib.Platform.MacOS.csproj", "{F41EDBCB-A794-4853-ADB1-B75B2F9F03F1}"
EndProject
Global
	GlobalSection(SolutionConfigurationPlatforms) = preSolution
		Debug|x64 = Debug|x64
		Release|x64 = Release|x64
	EndGlobalSection
	GlobalSection(ProjectConfigurationPlatforms) = postSolution
		{1E979B7C-E6AD-4C6F-8BA6-3E33A99FAD76}.Debug|x64.ActiveCfg = Debug|x64
		{1E979B7C-E6AD-4C6F-8BA6-3E33A99FAD76}.Debug|x64.Build.0 = Debug|x64
		{1E979B7C-E6AD-4C6F-8BA6-3E33A99FAD76}.Release|x64.ActiveCfg = Release|x64
		{1E979B7C-E6AD-4C6F-8BA6-3E33A99FAD76}.Release|x64.Build.0 = Release|x64
		{8A54C394-4DE9-4512-9A04-701049176953}.Debug|x64.ActiveCfg = Debug|x64
		{8A54C394-4DE9-4512-9A04-701049176953}.Debug|x64.Build.0 = Debug|x64
		{8A54C394-4DE9-4512-9A04-701049176953}.Release|x64.ActiveCfg = Release|x64
		{8A54C394-4DE9-4512-9A04-701049176953}.Release|x64.Build.0 = Release|x64
		{9731FF8C-703E-4132-9427-5B410CF8E382}.Debug|x64.ActiveCfg = Debug|x64
		{9731FF8C-703E-4132-9427-5B410CF8E382}.Debug|x64.Build.0 = Debug|x64
		{9731FF8C-703E-4132-9427-5B410CF8E382}.Release|x64.ActiveCfg = Release|x64
		{9731FF8C-703E-4132-9427-5B410CF8E382}.Release|x64.Build.0 = Release|x64
		{F41EDBCB-A794-4853-ADB1-B75B2F9F03F1}.Debug|x64.ActiveCfg = Debug|x64
		{F41EDBCB-A794-4853-ADB1-B75B2F9F03F1}.Debug|x64.Build.0 = Debug|x64
		{F41EDBCB-A794-4853-ADB1-B75B2F9F03F1}.Release|x64.ActiveCfg = Release|x64
		{F41EDBCB-A794-4853-ADB1-B75B2F9F03F1}.Release|x64.Build.0 = Release|x64
	EndGlobalSection
	GlobalSection(MonoDevelopProperties) = preSolution
		StartupItem = UI.Cocoa.Osx\UI.Cocoa.Osx.csproj
		version = 2.19
	EndGlobalSection
EndGlobal
