
Microsoft Visual Studio Solution File, Format Version 12.00
# Visual Studio 15
VisualStudioVersion = 15.0.27703.2047
MinimumVisualStudioVersion = 10.0.40219.1
Project("{2150E333-8FDC-42A3-9474-1A3956D46DE8}") = "dependencies", "dependencies", "{477B4F2B-FDAC-4225-B627-539B786AC8D4}"
EndProject
Project("{FAE04EC0-301F-11D3-BF4B-00C04F79EFBC}") = "App.CLI.Windows", "App.CLI.Windows\App.CLI.Windows.csproj", "{B46C9D88-4E10-4D81-BFF1-FDB43AF9FF30}"
EndProject
Project("{FAE04EC0-301F-11D3-BF4B-00C04F79EFBC}") = "Lib.Core", "Lib.Core\Lib.Core.csproj", "{1E979B7C-E6AD-4C6F-8BA6-3E33A99FAD76}"
EndProject
Project("{FAE04EC0-301F-11D3-BF4B-00C04F79EFBC}") = "Lib.Platform.Windows", "Lib.Platform.Windows\Lib.Platform.Windows.csproj", "{9A04CC37-5629-4914-B49F-7AA435464843}"
EndProject
Project("{FAE04EC0-301F-11D3-BF4B-00C04F79EFBC}") = "UI.WPF.Windows", "UI.WPF.Windows\UI.WPF.Windows.csproj", "{6753DBB0-135F-4FAE-889B-638A31404D90}"
EndProject
Project("{FAE04EC0-301F-11D3-BF4B-00C04F79EFBC}") = "Checking", "Checking\Checking.csproj", "{0D04723C-3C9E-4D17-8373-6B70124CC31A}"
EndProject
Global
	GlobalSection(SolutionConfigurationPlatforms) = preSolution
		Debug|Any CPU = Debug|Any CPU
		Debug|x64 = Debug|x64
		Debug|x86 = Debug|x86
		Release|Any CPU = Release|Any CPU
		Release|x64 = Release|x64
		Release|x86 = Release|x86
	EndGlobalSection
	GlobalSection(ProjectConfigurationPlatforms) = postSolution
		{B46C9D88-4E10-4D81-BFF1-FDB43AF9FF30}.Debug|Any CPU.ActiveCfg = Debug|x86
		{B46C9D88-4E10-4D81-BFF1-FDB43AF9FF30}.Debug|x64.ActiveCfg = Debug|x64
		{B46C9D88-4E10-4D81-BFF1-FDB43AF9FF30}.Debug|x64.Build.0 = Debug|x64
		{B46C9D88-4E10-4D81-BFF1-FDB43AF9FF30}.Debug|x86.ActiveCfg = Debug|x86
		{B46C9D88-4E10-4D81-BFF1-FDB43AF9FF30}.Debug|x86.Build.0 = Debug|x86
		{B46C9D88-4E10-4D81-BFF1-FDB43AF9FF30}.Release|Any CPU.ActiveCfg = Release|x86
		{B46C9D88-4E10-4D81-BFF1-FDB43AF9FF30}.Release|x64.ActiveCfg = Release|x64
		{B46C9D88-4E10-4D81-BFF1-FDB43AF9FF30}.Release|x64.Build.0 = Release|x64
		{B46C9D88-4E10-4D81-BFF1-FDB43AF9FF30}.Release|x86.ActiveCfg = Release|x86
		{B46C9D88-4E10-4D81-BFF1-FDB43AF9FF30}.Release|x86.Build.0 = Release|x86
		{1E979B7C-E6AD-4C6F-8BA6-3E33A99FAD76}.Debug|Any CPU.ActiveCfg = Debug|x86
		{1E979B7C-E6AD-4C6F-8BA6-3E33A99FAD76}.Debug|x64.ActiveCfg = Debug|x64
		{1E979B7C-E6AD-4C6F-8BA6-3E33A99FAD76}.Debug|x64.Build.0 = Debug|x64
		{1E979B7C-E6AD-4C6F-8BA6-3E33A99FAD76}.Debug|x86.ActiveCfg = Debug|x86
		{1E979B7C-E6AD-4C6F-8BA6-3E33A99FAD76}.Debug|x86.Build.0 = Debug|x86
		{1E979B7C-E6AD-4C6F-8BA6-3E33A99FAD76}.Release|Any CPU.ActiveCfg = Release|x86
		{1E979B7C-E6AD-4C6F-8BA6-3E33A99FAD76}.Release|x64.ActiveCfg = Release|x64
		{1E979B7C-E6AD-4C6F-8BA6-3E33A99FAD76}.Release|x64.Build.0 = Release|x64
		{1E979B7C-E6AD-4C6F-8BA6-3E33A99FAD76}.Release|x86.ActiveCfg = Release|x86
		{1E979B7C-E6AD-4C6F-8BA6-3E33A99FAD76}.Release|x86.Build.0 = Release|x86
		{9A04CC37-5629-4914-B49F-7AA435464843}.Debug|Any CPU.ActiveCfg = Debug|x86
		{9A04CC37-5629-4914-B49F-7AA435464843}.Debug|x64.ActiveCfg = Debug|x64
		{9A04CC37-5629-4914-B49F-7AA435464843}.Debug|x64.Build.0 = Debug|x64
		{9A04CC37-5629-4914-B49F-7AA435464843}.Debug|x86.ActiveCfg = Debug|x86
		{9A04CC37-5629-4914-B49F-7AA435464843}.Debug|x86.Build.0 = Debug|x86
		{9A04CC37-5629-4914-B49F-7AA435464843}.Release|Any CPU.ActiveCfg = Release|x86
		{9A04CC37-5629-4914-B49F-7AA435464843}.Release|x64.ActiveCfg = Release|x64
		{9A04CC37-5629-4914-B49F-7AA435464843}.Release|x64.Build.0 = Release|x64
		{9A04CC37-5629-4914-B49F-7AA435464843}.Release|x86.ActiveCfg = Release|x86
		{9A04CC37-5629-4914-B49F-7AA435464843}.Release|x86.Build.0 = Release|x86
		{6753DBB0-135F-4FAE-889B-638A31404D90}.Debug|Any CPU.ActiveCfg = Debug|Any CPU
		{6753DBB0-135F-4FAE-889B-638A31404D90}.Debug|Any CPU.Build.0 = Debug|Any CPU
		{6753DBB0-135F-4FAE-889B-638A31404D90}.Debug|x64.ActiveCfg = Debug|x64
		{6753DBB0-135F-4FAE-889B-638A31404D90}.Debug|x64.Build.0 = Debug|x64
		{6753DBB0-135F-4FAE-889B-638A31404D90}.Debug|x86.ActiveCfg = Debug|x86
		{6753DBB0-135F-4FAE-889B-638A31404D90}.Debug|x86.Build.0 = Debug|x86
		{6753DBB0-135F-4FAE-889B-638A31404D90}.Release|Any CPU.ActiveCfg = Release|Any CPU
		{6753DBB0-135F-4FAE-889B-638A31404D90}.Release|Any CPU.Build.0 = Release|Any CPU
		{6753DBB0-135F-4FAE-889B-638A31404D90}.Release|x64.ActiveCfg = Release|x64
		{6753DBB0-135F-4FAE-889B-638A31404D90}.Release|x64.Build.0 = Release|x64
		{6753DBB0-135F-4FAE-889B-638A31404D90}.Release|x86.ActiveCfg = Release|x86
		{6753DBB0-135F-4FAE-889B-638A31404D90}.Release|x86.Build.0 = Release|x86
		{0D04723C-3C9E-4D17-8373-6B70124CC31A}.Debug|Any CPU.ActiveCfg = Debug|Any CPU
		{0D04723C-3C9E-4D17-8373-6B70124CC31A}.Debug|Any CPU.Build.0 = Debug|Any CPU
		{0D04723C-3C9E-4D17-8373-6B70124CC31A}.Debug|x64.ActiveCfg = Debug|x64
		{0D04723C-3C9E-4D17-8373-6B70124CC31A}.Debug|x64.Build.0 = Debug|x64
		{0D04723C-3C9E-4D17-8373-6B70124CC31A}.Debug|x86.ActiveCfg = Debug|x86
		{0D04723C-3C9E-4D17-8373-6B70124CC31A}.Debug|x86.Build.0 = Debug|x86
		{0D04723C-3C9E-4D17-8373-6B70124CC31A}.Release|Any CPU.ActiveCfg = Release|Any CPU
		{0D04723C-3C9E-4D17-8373-6B70124CC31A}.Release|Any CPU.Build.0 = Release|Any CPU
		{0D04723C-3C9E-4D17-8373-6B70124CC31A}.Release|x64.ActiveCfg = Release|x64
		{0D04723C-3C9E-4D17-8373-6B70124CC31A}.Release|x64.Build.0 = Release|x64
		{0D04723C-3C9E-4D17-8373-6B70124CC31A}.Release|x86.ActiveCfg = Release|x86
		{0D04723C-3C9E-4D17-8373-6B70124CC31A}.Release|x86.Build.0 = Release|x86
	EndGlobalSection
	GlobalSection(SolutionProperties) = preSolution
		HideSolutionNode = FALSE
	EndGlobalSection
	GlobalSection(ExtensibilityGlobals) = postSolution
		SolutionGuid = {E26F9D22-A175-482F-B1C9-05AECE03ED47}
	EndGlobalSection
EndGlobal
