
Microsoft Visual Studio Solution File, Format Version 12.00
# Visual Studio 14
VisualStudioVersion = 14.0.24720.0
MinimumVisualStudioVersion = 10.0.40219.1
Project("{FAE04EC0-301F-11D3-BF4B-00C04F79EFBC}") = "Lib.Core", "Core\Lib.Core.csproj", "{1E979B7C-E6AD-4C6F-8BA6-3E33A99FAD76}"
EndProject
Project("{2150E333-8FDC-42A3-9474-1A3956D46DE8}") = "Solution Items", "Solution Items", "{76FDBBC8-AD4E-4B0C-8AE6-C9E7B52CA2A9}"
EndProject
Project("{FAE04EC0-301F-11D3-BF4B-00C04F79EFBC}") = "Lib.Forms", "Lib.Forms\Lib.Forms.csproj", "{C0357E13-B013-40C5-B511-865A27BC2A47}"
EndProject
Project("{FAE04EC0-301F-11D3-BF4B-00C04F79EFBC}") = "CLI.Windows", "CLI.Windows\CLI.Windows.csproj", "{B46C9D88-4E10-4D81-BFF1-FDB43AF9FF30}"
EndProject
Project("{FAE04EC0-301F-11D3-BF4B-00C04F79EFBC}") = "Platforms.Linux", "Platforms.Linux\Platforms.Linux.csproj", "{76BEBDA7-F8A2-46E3-9011-CC14F754DBE5}"
EndProject
Project("{FAE04EC0-301F-11D3-BF4B-00C04F79EFBC}") = "Platforms.Windows", "Platforms.Windows\Platforms.Windows.csproj", "{9A04CC37-5629-4914-B49F-7AA435464843}"
EndProject
Project("{FAE04EC0-301F-11D3-BF4B-00C04F79EFBC}") = "Platforms.Osx", "Platforms.Osx\Platforms.Osx.csproj", "{CE0A865E-9650-4283-8EBB-2603C6C52F47}"
EndProject
Project("{FAE04EC0-301F-11D3-BF4B-00C04F79EFBC}") = "CLI.Linux", "CLI.Linux\CLI.Linux.csproj", "{DF88A2FB-FE04-4D64-A482-18B6186E4494}"
EndProject
Project("{FAE04EC0-301F-11D3-BF4B-00C04F79EFBC}") = "UI.Forms.Linux", "UI.Forms.Linux\UI.Forms.Linux.csproj", "{C21E315F-C565-4AF0-9E15-9DDF2DD8FBD4}"
EndProject
Project("{FAE04EC0-301F-11D3-BF4B-00C04F79EFBC}") = "UI.Forms.Windows", "UI.Forms.Windows\UI.Forms.Windows.csproj", "{13F0D841-B93D-4AFA-AB06-FA2FEE6A9DE7}"
EndProject
Project("{FAE04EC0-301F-11D3-BF4B-00C04F79EFBC}") = "Lib.Common", "Lib.Common\Lib.Common.csproj", "{9731FF8C-703E-4132-9427-5B410CF8E382}"
EndProject
Global
	GlobalSection(Performance) = preSolution
		HasPerformanceSessions = true
	EndGlobalSection
	GlobalSection(SolutionConfigurationPlatforms) = preSolution
		Debug|Any CPU = Debug|Any CPU
		Debug|Mixed Platforms = Debug|Mixed Platforms
		Debug|x64 = Debug|x64
		Debug|x86 = Debug|x86
		Release|Any CPU = Release|Any CPU
		Release|Mixed Platforms = Release|Mixed Platforms
		Release|x64 = Release|x64
		Release|x86 = Release|x86
	EndGlobalSection
	GlobalSection(ProjectConfigurationPlatforms) = postSolution
		{1E979B7C-E6AD-4C6F-8BA6-3E33A99FAD76}.Debug|Any CPU.ActiveCfg = Debug|Any CPU
		{1E979B7C-E6AD-4C6F-8BA6-3E33A99FAD76}.Debug|Any CPU.Build.0 = Debug|Any CPU
		{1E979B7C-E6AD-4C6F-8BA6-3E33A99FAD76}.Debug|Mixed Platforms.ActiveCfg = Debug|Any CPU
		{1E979B7C-E6AD-4C6F-8BA6-3E33A99FAD76}.Debug|Mixed Platforms.Build.0 = Debug|Any CPU
		{1E979B7C-E6AD-4C6F-8BA6-3E33A99FAD76}.Debug|x64.ActiveCfg = Debug|Any CPU
		{1E979B7C-E6AD-4C6F-8BA6-3E33A99FAD76}.Debug|x64.Build.0 = Debug|Any CPU
		{1E979B7C-E6AD-4C6F-8BA6-3E33A99FAD76}.Debug|x86.ActiveCfg = Debug|Any CPU
		{1E979B7C-E6AD-4C6F-8BA6-3E33A99FAD76}.Debug|x86.Build.0 = Debug|Any CPU
		{1E979B7C-E6AD-4C6F-8BA6-3E33A99FAD76}.Release|Any CPU.ActiveCfg = Release|Any CPU
		{1E979B7C-E6AD-4C6F-8BA6-3E33A99FAD76}.Release|Any CPU.Build.0 = Release|Any CPU
		{1E979B7C-E6AD-4C6F-8BA6-3E33A99FAD76}.Release|Mixed Platforms.ActiveCfg = Release|Any CPU
		{1E979B7C-E6AD-4C6F-8BA6-3E33A99FAD76}.Release|Mixed Platforms.Build.0 = Release|Any CPU
		{1E979B7C-E6AD-4C6F-8BA6-3E33A99FAD76}.Release|x64.ActiveCfg = Release|Any CPU
		{1E979B7C-E6AD-4C6F-8BA6-3E33A99FAD76}.Release|x64.Build.0 = Release|Any CPU
		{1E979B7C-E6AD-4C6F-8BA6-3E33A99FAD76}.Release|x86.ActiveCfg = Release|Any CPU
		{1E979B7C-E6AD-4C6F-8BA6-3E33A99FAD76}.Release|x86.Build.0 = Release|Any CPU
		{C0357E13-B013-40C5-B511-865A27BC2A47}.Debug|Any CPU.ActiveCfg = Debug|Any CPU
		{C0357E13-B013-40C5-B511-865A27BC2A47}.Debug|Any CPU.Build.0 = Debug|Any CPU
		{C0357E13-B013-40C5-B511-865A27BC2A47}.Debug|Mixed Platforms.ActiveCfg = Debug|Any CPU
		{C0357E13-B013-40C5-B511-865A27BC2A47}.Debug|Mixed Platforms.Build.0 = Debug|Any CPU
		{C0357E13-B013-40C5-B511-865A27BC2A47}.Debug|x64.ActiveCfg = Debug|Any CPU
		{C0357E13-B013-40C5-B511-865A27BC2A47}.Debug|x64.Build.0 = Debug|Any CPU
		{C0357E13-B013-40C5-B511-865A27BC2A47}.Debug|x86.ActiveCfg = Debug|Any CPU
		{C0357E13-B013-40C5-B511-865A27BC2A47}.Debug|x86.Build.0 = Debug|Any CPU
		{C0357E13-B013-40C5-B511-865A27BC2A47}.Release|Any CPU.ActiveCfg = Release|Any CPU
		{C0357E13-B013-40C5-B511-865A27BC2A47}.Release|Any CPU.Build.0 = Release|Any CPU
		{C0357E13-B013-40C5-B511-865A27BC2A47}.Release|Mixed Platforms.ActiveCfg = Release|Any CPU
		{C0357E13-B013-40C5-B511-865A27BC2A47}.Release|Mixed Platforms.Build.0 = Release|Any CPU
		{C0357E13-B013-40C5-B511-865A27BC2A47}.Release|x64.ActiveCfg = Release|Any CPU
		{C0357E13-B013-40C5-B511-865A27BC2A47}.Release|x64.Build.0 = Release|Any CPU
		{C0357E13-B013-40C5-B511-865A27BC2A47}.Release|x86.ActiveCfg = Release|Any CPU
		{C0357E13-B013-40C5-B511-865A27BC2A47}.Release|x86.Build.0 = Release|Any CPU
		{B46C9D88-4E10-4D81-BFF1-FDB43AF9FF30}.Debug|Any CPU.ActiveCfg = Debug|x86
		{B46C9D88-4E10-4D81-BFF1-FDB43AF9FF30}.Debug|Mixed Platforms.ActiveCfg = Debug|x86
		{B46C9D88-4E10-4D81-BFF1-FDB43AF9FF30}.Debug|Mixed Platforms.Build.0 = Debug|x86
		{B46C9D88-4E10-4D81-BFF1-FDB43AF9FF30}.Debug|x64.ActiveCfg = Debug|x64
		{B46C9D88-4E10-4D81-BFF1-FDB43AF9FF30}.Debug|x64.Build.0 = Debug|x64
		{B46C9D88-4E10-4D81-BFF1-FDB43AF9FF30}.Debug|x86.ActiveCfg = Debug|x86
		{B46C9D88-4E10-4D81-BFF1-FDB43AF9FF30}.Debug|x86.Build.0 = Debug|x86
		{B46C9D88-4E10-4D81-BFF1-FDB43AF9FF30}.Release|Any CPU.ActiveCfg = Release|x86
		{B46C9D88-4E10-4D81-BFF1-FDB43AF9FF30}.Release|Mixed Platforms.ActiveCfg = Release|x86
		{B46C9D88-4E10-4D81-BFF1-FDB43AF9FF30}.Release|Mixed Platforms.Build.0 = Release|x86
		{B46C9D88-4E10-4D81-BFF1-FDB43AF9FF30}.Release|x64.ActiveCfg = Release|x64
		{B46C9D88-4E10-4D81-BFF1-FDB43AF9FF30}.Release|x64.Build.0 = Release|x64
		{B46C9D88-4E10-4D81-BFF1-FDB43AF9FF30}.Release|x86.ActiveCfg = Release|x86
		{B46C9D88-4E10-4D81-BFF1-FDB43AF9FF30}.Release|x86.Build.0 = Release|x86
		{76BEBDA7-F8A2-46E3-9011-CC14F754DBE5}.Debug|Any CPU.ActiveCfg = Debug|Any CPU
		{76BEBDA7-F8A2-46E3-9011-CC14F754DBE5}.Debug|Any CPU.Build.0 = Debug|Any CPU
		{76BEBDA7-F8A2-46E3-9011-CC14F754DBE5}.Debug|Mixed Platforms.ActiveCfg = Debug|Any CPU
		{76BEBDA7-F8A2-46E3-9011-CC14F754DBE5}.Debug|Mixed Platforms.Build.0 = Debug|Any CPU
		{76BEBDA7-F8A2-46E3-9011-CC14F754DBE5}.Debug|x64.ActiveCfg = Debug|Any CPU
		{76BEBDA7-F8A2-46E3-9011-CC14F754DBE5}.Debug|x64.Build.0 = Debug|Any CPU
		{76BEBDA7-F8A2-46E3-9011-CC14F754DBE5}.Debug|x86.ActiveCfg = Debug|Any CPU
		{76BEBDA7-F8A2-46E3-9011-CC14F754DBE5}.Debug|x86.Build.0 = Debug|Any CPU
		{76BEBDA7-F8A2-46E3-9011-CC14F754DBE5}.Release|Any CPU.ActiveCfg = Release|Any CPU
		{76BEBDA7-F8A2-46E3-9011-CC14F754DBE5}.Release|Any CPU.Build.0 = Release|Any CPU
		{76BEBDA7-F8A2-46E3-9011-CC14F754DBE5}.Release|Mixed Platforms.ActiveCfg = Release|Any CPU
		{76BEBDA7-F8A2-46E3-9011-CC14F754DBE5}.Release|Mixed Platforms.Build.0 = Release|Any CPU
		{76BEBDA7-F8A2-46E3-9011-CC14F754DBE5}.Release|x64.ActiveCfg = Release|Any CPU
		{76BEBDA7-F8A2-46E3-9011-CC14F754DBE5}.Release|x64.Build.0 = Release|Any CPU
		{76BEBDA7-F8A2-46E3-9011-CC14F754DBE5}.Release|x86.ActiveCfg = Release|Any CPU
		{76BEBDA7-F8A2-46E3-9011-CC14F754DBE5}.Release|x86.Build.0 = Release|Any CPU
		{9A04CC37-5629-4914-B49F-7AA435464843}.Debug|Any CPU.ActiveCfg = Debug|Any CPU
		{9A04CC37-5629-4914-B49F-7AA435464843}.Debug|Any CPU.Build.0 = Debug|Any CPU
		{9A04CC37-5629-4914-B49F-7AA435464843}.Debug|Mixed Platforms.ActiveCfg = Debug|Any CPU
		{9A04CC37-5629-4914-B49F-7AA435464843}.Debug|Mixed Platforms.Build.0 = Debug|Any CPU
		{9A04CC37-5629-4914-B49F-7AA435464843}.Debug|x64.ActiveCfg = Debug|Any CPU
		{9A04CC37-5629-4914-B49F-7AA435464843}.Debug|x64.Build.0 = Debug|Any CPU
		{9A04CC37-5629-4914-B49F-7AA435464843}.Debug|x86.ActiveCfg = Debug|Any CPU
		{9A04CC37-5629-4914-B49F-7AA435464843}.Debug|x86.Build.0 = Debug|Any CPU
		{9A04CC37-5629-4914-B49F-7AA435464843}.Release|Any CPU.ActiveCfg = Release|Any CPU
		{9A04CC37-5629-4914-B49F-7AA435464843}.Release|Any CPU.Build.0 = Release|Any CPU
		{9A04CC37-5629-4914-B49F-7AA435464843}.Release|Mixed Platforms.ActiveCfg = Release|Any CPU
		{9A04CC37-5629-4914-B49F-7AA435464843}.Release|Mixed Platforms.Build.0 = Release|Any CPU
		{9A04CC37-5629-4914-B49F-7AA435464843}.Release|x64.ActiveCfg = Release|Any CPU
		{9A04CC37-5629-4914-B49F-7AA435464843}.Release|x64.Build.0 = Release|Any CPU
		{9A04CC37-5629-4914-B49F-7AA435464843}.Release|x86.ActiveCfg = Release|Any CPU
		{9A04CC37-5629-4914-B49F-7AA435464843}.Release|x86.Build.0 = Release|Any CPU
		{CE0A865E-9650-4283-8EBB-2603C6C52F47}.Debug|Any CPU.ActiveCfg = Debug|Any CPU
		{CE0A865E-9650-4283-8EBB-2603C6C52F47}.Debug|Any CPU.Build.0 = Debug|Any CPU
		{CE0A865E-9650-4283-8EBB-2603C6C52F47}.Debug|Mixed Platforms.ActiveCfg = Debug|Any CPU
		{CE0A865E-9650-4283-8EBB-2603C6C52F47}.Debug|Mixed Platforms.Build.0 = Debug|Any CPU
		{CE0A865E-9650-4283-8EBB-2603C6C52F47}.Debug|x64.ActiveCfg = Debug|Any CPU
		{CE0A865E-9650-4283-8EBB-2603C6C52F47}.Debug|x86.ActiveCfg = Debug|Any CPU
		{CE0A865E-9650-4283-8EBB-2603C6C52F47}.Release|Any CPU.ActiveCfg = Release|Any CPU
		{CE0A865E-9650-4283-8EBB-2603C6C52F47}.Release|Any CPU.Build.0 = Release|Any CPU
		{CE0A865E-9650-4283-8EBB-2603C6C52F47}.Release|Mixed Platforms.ActiveCfg = Release|Any CPU
		{CE0A865E-9650-4283-8EBB-2603C6C52F47}.Release|Mixed Platforms.Build.0 = Release|Any CPU
		{CE0A865E-9650-4283-8EBB-2603C6C52F47}.Release|x64.ActiveCfg = Release|Any CPU
		{CE0A865E-9650-4283-8EBB-2603C6C52F47}.Release|x86.ActiveCfg = Release|Any CPU
		{DF88A2FB-FE04-4D64-A482-18B6186E4494}.Debug|Any CPU.ActiveCfg = Debug|x86
		{DF88A2FB-FE04-4D64-A482-18B6186E4494}.Debug|Mixed Platforms.ActiveCfg = Debug|x86
		{DF88A2FB-FE04-4D64-A482-18B6186E4494}.Debug|Mixed Platforms.Build.0 = Debug|x86
		{DF88A2FB-FE04-4D64-A482-18B6186E4494}.Debug|x64.ActiveCfg = Debug|x64
		{DF88A2FB-FE04-4D64-A482-18B6186E4494}.Debug|x64.Build.0 = Debug|x64
		{DF88A2FB-FE04-4D64-A482-18B6186E4494}.Debug|x86.ActiveCfg = Debug|x86
		{DF88A2FB-FE04-4D64-A482-18B6186E4494}.Debug|x86.Build.0 = Debug|x86
		{DF88A2FB-FE04-4D64-A482-18B6186E4494}.Release|Any CPU.ActiveCfg = Release|x86
		{DF88A2FB-FE04-4D64-A482-18B6186E4494}.Release|Mixed Platforms.ActiveCfg = Release|x86
		{DF88A2FB-FE04-4D64-A482-18B6186E4494}.Release|Mixed Platforms.Build.0 = Release|x86
		{DF88A2FB-FE04-4D64-A482-18B6186E4494}.Release|x64.ActiveCfg = Release|x64
		{DF88A2FB-FE04-4D64-A482-18B6186E4494}.Release|x64.Build.0 = Release|x64
		{DF88A2FB-FE04-4D64-A482-18B6186E4494}.Release|x86.ActiveCfg = Release|x86
		{DF88A2FB-FE04-4D64-A482-18B6186E4494}.Release|x86.Build.0 = Release|x86
		{C21E315F-C565-4AF0-9E15-9DDF2DD8FBD4}.Debug|Any CPU.ActiveCfg = Debug|x86
		{C21E315F-C565-4AF0-9E15-9DDF2DD8FBD4}.Debug|Mixed Platforms.ActiveCfg = Debug|x86
		{C21E315F-C565-4AF0-9E15-9DDF2DD8FBD4}.Debug|Mixed Platforms.Build.0 = Debug|x86
		{C21E315F-C565-4AF0-9E15-9DDF2DD8FBD4}.Debug|x64.ActiveCfg = Debug|x64
		{C21E315F-C565-4AF0-9E15-9DDF2DD8FBD4}.Debug|x64.Build.0 = Debug|x64
		{C21E315F-C565-4AF0-9E15-9DDF2DD8FBD4}.Debug|x86.ActiveCfg = Debug|x86
		{C21E315F-C565-4AF0-9E15-9DDF2DD8FBD4}.Debug|x86.Build.0 = Debug|x86
		{C21E315F-C565-4AF0-9E15-9DDF2DD8FBD4}.Release|Any CPU.ActiveCfg = Release|x86
		{C21E315F-C565-4AF0-9E15-9DDF2DD8FBD4}.Release|Mixed Platforms.ActiveCfg = Release|x86
		{C21E315F-C565-4AF0-9E15-9DDF2DD8FBD4}.Release|Mixed Platforms.Build.0 = Release|x86
		{C21E315F-C565-4AF0-9E15-9DDF2DD8FBD4}.Release|x64.ActiveCfg = Release|x64
		{C21E315F-C565-4AF0-9E15-9DDF2DD8FBD4}.Release|x64.Build.0 = Release|x64
		{C21E315F-C565-4AF0-9E15-9DDF2DD8FBD4}.Release|x86.ActiveCfg = Release|x86
		{C21E315F-C565-4AF0-9E15-9DDF2DD8FBD4}.Release|x86.Build.0 = Release|x86
		{13F0D841-B93D-4AFA-AB06-FA2FEE6A9DE7}.Debug|Any CPU.ActiveCfg = Debug|x86
		{13F0D841-B93D-4AFA-AB06-FA2FEE6A9DE7}.Debug|Mixed Platforms.ActiveCfg = Debug|x86
		{13F0D841-B93D-4AFA-AB06-FA2FEE6A9DE7}.Debug|Mixed Platforms.Build.0 = Debug|x86
		{13F0D841-B93D-4AFA-AB06-FA2FEE6A9DE7}.Debug|x64.ActiveCfg = Debug|x64
		{13F0D841-B93D-4AFA-AB06-FA2FEE6A9DE7}.Debug|x64.Build.0 = Debug|x64
		{13F0D841-B93D-4AFA-AB06-FA2FEE6A9DE7}.Debug|x86.ActiveCfg = Debug|x86
		{13F0D841-B93D-4AFA-AB06-FA2FEE6A9DE7}.Debug|x86.Build.0 = Debug|x86
		{13F0D841-B93D-4AFA-AB06-FA2FEE6A9DE7}.Release|Any CPU.ActiveCfg = Release|x86
		{13F0D841-B93D-4AFA-AB06-FA2FEE6A9DE7}.Release|Mixed Platforms.ActiveCfg = Release|x86
		{13F0D841-B93D-4AFA-AB06-FA2FEE6A9DE7}.Release|Mixed Platforms.Build.0 = Release|x86
		{13F0D841-B93D-4AFA-AB06-FA2FEE6A9DE7}.Release|x64.ActiveCfg = Release|x64
		{13F0D841-B93D-4AFA-AB06-FA2FEE6A9DE7}.Release|x64.Build.0 = Release|x64
		{13F0D841-B93D-4AFA-AB06-FA2FEE6A9DE7}.Release|x86.ActiveCfg = Release|x86
		{13F0D841-B93D-4AFA-AB06-FA2FEE6A9DE7}.Release|x86.Build.0 = Release|x86
		{9731FF8C-703E-4132-9427-5B410CF8E382}.Debug|Any CPU.ActiveCfg = Debug|Any CPU
		{9731FF8C-703E-4132-9427-5B410CF8E382}.Debug|Any CPU.Build.0 = Debug|Any CPU
		{9731FF8C-703E-4132-9427-5B410CF8E382}.Debug|Mixed Platforms.ActiveCfg = Debug|Any CPU
		{9731FF8C-703E-4132-9427-5B410CF8E382}.Debug|Mixed Platforms.Build.0 = Debug|Any CPU
		{9731FF8C-703E-4132-9427-5B410CF8E382}.Debug|x64.ActiveCfg = Debug|Any CPU
		{9731FF8C-703E-4132-9427-5B410CF8E382}.Debug|x64.Build.0 = Debug|Any CPU
		{9731FF8C-703E-4132-9427-5B410CF8E382}.Debug|x86.ActiveCfg = Debug|Any CPU
		{9731FF8C-703E-4132-9427-5B410CF8E382}.Debug|x86.Build.0 = Debug|Any CPU
		{9731FF8C-703E-4132-9427-5B410CF8E382}.Release|Any CPU.ActiveCfg = Release|Any CPU
		{9731FF8C-703E-4132-9427-5B410CF8E382}.Release|Any CPU.Build.0 = Release|Any CPU
		{9731FF8C-703E-4132-9427-5B410CF8E382}.Release|Mixed Platforms.ActiveCfg = Release|Any CPU
		{9731FF8C-703E-4132-9427-5B410CF8E382}.Release|Mixed Platforms.Build.0 = Release|Any CPU
		{9731FF8C-703E-4132-9427-5B410CF8E382}.Release|x64.ActiveCfg = Release|Any CPU
		{9731FF8C-703E-4132-9427-5B410CF8E382}.Release|x64.Build.0 = Release|Any CPU
		{9731FF8C-703E-4132-9427-5B410CF8E382}.Release|x86.ActiveCfg = Release|Any CPU
		{9731FF8C-703E-4132-9427-5B410CF8E382}.Release|x86.Build.0 = Release|Any CPU
	EndGlobalSection
	GlobalSection(SolutionProperties) = preSolution
		HideSolutionNode = FALSE
	EndGlobalSection
EndGlobal
