
Microsoft Visual Studio Solution File, Format Version 12.00
# Visual Studio 15
VisualStudioVersion = 15.0.27703.2047
MinimumVisualStudioVersion = 10.0.40219.1
Project("{FAE04EC0-301F-11D3-BF4B-00C04F79EFBC}") = "App.Native.Android", "App.Native.Android.csproj", "{BF332786-9C31-4BD3-A866-D8D034474A8B}"
EndProject
Global
	GlobalSection(SolutionConfigurationPlatforms) = preSolution
		Debug|Any CPU = Debug|Any CPU
		Release|Any CPU = Release|Any CPU
	EndGlobalSection
	GlobalSection(ProjectConfigurationPlatforms) = postSolution
		{BF332786-9C31-4BD3-A866-D8D034474A8B}.Debug|Any CPU.ActiveCfg = Debug|Any CPU
		{BF332786-9C31-4BD3-A866-D8D034474A8B}.Debug|Any CPU.Build.0 = Debug|Any CPU
		{BF332786-9C31-4BD3-A866-D8D034474A8B}.Debug|Any CPU.Deploy.0 = Debug|Any CPU
		{BF332786-9C31-4BD3-A866-D8D034474A8B}.Release|Any CPU.ActiveCfg = Release|Any CPU
		{BF332786-9C31-4BD3-A866-D8D034474A8B}.Release|Any CPU.Build.0 = Release|Any CPU
		{BF332786-9C31-4BD3-A866-D8D034474A8B}.Release|Any CPU.Deploy.0 = Release|Any CPU
	EndGlobalSection
	GlobalSection(SolutionProperties) = preSolution
		HideSolutionNode = FALSE
	EndGlobalSection
	GlobalSection(ExtensibilityGlobals) = postSolution
		SolutionGuid = {8F3F4D41-D6E6-4D29-9599-C320A2D46CC0}
	EndGlobalSection
EndGlobal
